{
  "name": "socket",
  "version": "1.0.0",
  "lockfileVersion": 1,
  "requires": true,
  "dependencies": {
    "async-limiter": {
      "version": "1.0.1",
      "resolved": "http://r.cnpmjs.org/async-limiter/download/async-limiter-1.0.1.tgz",
      "integrity": "sha1-3TeelPDbgxCwgpH51kwyCXZmF/0="
    },
    "node-uuid": {
      "version": "1.4.8",
      "resolved": "http://r.cnpmjs.org/node-uuid/download/node-uuid-1.4.8.tgz",
      "integrity": "sha1-sEDrCSOWivq/jTL7HxfxFn/auQc="
    },
    "ws": {
      "version": "7.1.2",
      "resolved": "http://r.cnpmjs.org/ws/download/ws-7.1.2.tgz",
      "integrity": "sha1-xnLRYp3ouyepaZ61mb5Hru7dj3M=",
      "requires": {
        "async-limiter": "1.0.1"
      }
    }
  }
}
